{
  "name": "node-test",
  "version": "1.0.0",
  "lockfileVersion": 1,
  "dependencies": {
    "accepts": {
      "version": "1.3.4",
      "resolved": "https://npm-registry.whitewater.ibm.com/a/accepts/_attachments/accepts-1.3.4.tgz",
      "integrity": "sha1-hiRnWMfdbSGmR0/whKR0DsBesh8="
    },
    "array-flatten": {
      "version": "1.1.1",
      "resolved": "https://npm-registry.whitewater.ibm.com/a/array-flatten/_attachments/array-flatten-1.1.1.tgz",
      "integrity": "sha1-ml9pkFGx5wczKPKgCJaLZOopVdI="
    },
    "async": {
      "version": "1.5.2",
      "resolved": "https://npm-registry.whitewater.ibm.com/a/async/_attachments/async-1.5.2.tgz",
      "integrity": "sha1-7GphrlZIDAw8skHJVhjiCJL5Zyo=",
      "dev": true
    },
    "balanced-match": {
      "version": "1.0.0",
      "resolved": "https://npm-registry.whitewater.ibm.com/b/balanced-match/_attachments/balanced-match-1.0.0.tgz",
      "integrity": "sha1-ibTRmasr7kneFk6gK4nORi1xt2c=",
      "dev": true
    },
    "brace-expansion": {
      "version": "1.1.8",
      "resolved": "https://npm-registry.whitewater.ibm.com/b/brace-expansion/_attachments/brace-expansion-1.1.8.tgz",
      "integrity": "sha1-wHshHHyVLsH479Uad+8NHTmQopI=",
      "dev": true
    },
    "browser-stdout": {
      "version": "1.3.0",
      "resolved": "https://npm-registry.whitewater.ibm.com/b/browser-stdout/_attachments/browser-stdout-1.3.0.tgz",
      "integrity": "sha1-81HTKWnTL6XXpVZxVCY9korjvR8=",
      "dev": true
    },
    "combined-stream": {
      "version": "1.0.5",
      "resolved": "https://npm-registry.whitewater.ibm.com/c/combined-stream/_attachments/combined-stream-1.0.5.tgz",
      "integrity": "sha1-k4NwpXtKUd6ix3wV1cX9+JUWQAk=",
      "dev": true
    },
    "commander": {
      "version": "2.9.0",
      "resolved": "https://npm-registry.whitewater.ibm.com/c/commander/_attachments/commander-2.9.0.tgz",
      "integrity": "sha1-nJkJQXbhIkDLItbFFGCYQA/g99Q=",
      "dev": true
    },
    "component-emitter": {
      "version": "1.2.1",
      "resolved": "https://npm-registry.whitewater.ibm.com/c/component-emitter/_attachments/component-emitter-1.2.1.tgz",
      "integrity": "sha1-E3kY1teCg/ffemt8WmPhQOaUJeY=",
      "dev": true
    },
    "concat-map": {
      "version": "0.0.1",
      "resolved": "https://npm-registry.whitewater.ibm.com/c/concat-map/_attachments/concat-map-0.0.1.tgz",
      "integrity": "sha1-2Klr13/Wjfd5OnMDajug1UBdR3s=",
      "dev": true
    },
    "content-disposition": {
      "version": "0.5.1",
      "resolved": "https://npm-registry.whitewater.ibm.com/c/content-disposition/_attachments/content-disposition-0.5.1.tgz",
      "integrity": "sha1-h0dsamfI2qh+Muh2Ft+IO6f7Bxs="
    },
    "content-type": {
      "version": "1.0.4",
      "resolved": "https://npm-registry.whitewater.ibm.com/c/content-type/_attachments/content-type-1.0.4.tgz",
      "integrity": "sha512-hIP3EEPs8tB9AT1L+NUqtwOAps4mk2Zob89MWXMHjHWg9milF/j4osnnQLXBCBFBk/tvIG/tUc9mOUJiPBhPXA=="
    },
    "cookie": {
      "version": "0.3.1",
      "resolved": "https://npm-registry.whitewater.ibm.com/c/cookie/_attachments/cookie-0.3.1.tgz",
      "integrity": "sha1-5+Ch+e9DtMi6klxcWpboBtFoc7s="
    },
    "cookie-signature": {
      "version": "1.0.6",
      "resolved": "https://npm-registry.whitewater.ibm.com/c/cookie-signature/_attachments/cookie-signature-1.0.6.tgz",
      "integrity": "sha1-4wOogrNCzD7oylE6eZmXNNqzriw="
    },
    "cookiejar": {
      "version": "2.1.1",
      "resolved": "https://npm-registry.whitewater.ibm.com/c/cookiejar/_attachments/cookiejar-2.1.1.tgz",
      "integrity": "sha1-Qa1XsbVVlR7BcUEqgZQrHoIA00o=",
      "dev": true
    },
    "core-util-is": {
      "version": "1.0.2",
      "resolved": "https://npm-registry.whitewater.ibm.com/c/core-util-is/_attachments/core-util-is-1.0.2.tgz",
      "integrity": "sha1-tf1UIgqivFq1eqtxQMlAdUUDwac=",
      "dev": true
    },
    "debug": {
      "version": "2.2.0",
      "resolved": "https://npm-registry.whitewater.ibm.com/d/debug/_attachments/debug-2.2.0.tgz",
      "integrity": "sha1-+HBX6ZWxofauaklgZkE3vFbwOdo="
    },
    "define-properties": {
      "version": "1.1.2",
      "resolved": "https://npm-registry.whitewater.ibm.com/d/define-properties/_attachments/define-properties-1.1.2.tgz",
      "integrity": "sha1-g6c/L+pWmJj7c3GTyPhzyvbUXJQ=",
      "dev": true
    },
    "delayed-stream": {
      "version": "1.0.0",
      "resolved": "https://npm-registry.whitewater.ibm.com/d/delayed-stream/_attachments/delayed-stream-1.0.0.tgz",
      "integrity": "sha1-3zrhmayt+31ECqrgsp4icrJOxhk=",
      "dev": true
    },
    "depd": {
      "version": "1.1.1",
      "resolved": "https://npm-registry.whitewater.ibm.com/d/depd/_attachments/depd-1.1.1.tgz",
      "integrity": "sha1-V4O04cRZ8G+lyif5kfPQbnoxA1k="
    },
    "destroy": {
      "version": "1.0.4",
      "resolved": "https://npm-registry.whitewater.ibm.com/d/destroy/_attachments/destroy-1.0.4.tgz",
      "integrity": "sha1-l4hXRCxEdJ5CBmE+N5RiBYJqvYA="
    },
    "diff": {
      "version": "1.4.0",
      "resolved": "https://npm-registry.whitewater.ibm.com/d/diff/_attachments/diff-1.4.0.tgz",
      "integrity": "sha1-fyjS657nsVqX79ic5j3P2qPMur8=",
      "dev": true
    },
    "ee-first": {
      "version": "1.1.1",
      "resolved": "https://npm-registry.whitewater.ibm.com/e/ee-first/_attachments/ee-first-1.1.1.tgz",
      "integrity": "sha1-WQxhFWsK4vTwJVcyoViyZrxWsh0="
    },
    "encodeurl": {
      "version": "1.0.1",
      "resolved": "https://npm-registry.whitewater.ibm.com/e/encodeurl/_attachments/encodeurl-1.0.1.tgz",
      "integrity": "sha1-eePVhlU0aQn+bw9Fpd5oEDspTSA="
    },
    "es-abstract": {
      "version": "1.8.2",
      "resolved": "https://npm-registry.whitewater.ibm.com/e/es-abstract/_attachments/es-abstract-1.8.2.tgz",
      "integrity": "sha512-dvhwFL3yjQxNNsOWx6exMlaDrRHCRGMQlnx5lsXDCZ/J7G/frgIIl94zhZSp/galVAYp7VzPi1OrAHta89/yGQ==",
      "dev": true
    },
    "es-to-primitive": {
      "version": "1.1.1",
      "resolved": "https://npm-registry.whitewater.ibm.com/e/es-to-primitive/_attachments/es-to-primitive-1.1.1.tgz",
      "integrity": "sha1-RTVSSKiJeQNLZ5Lhm7gfK3l13Q0=",
      "dev": true
    },
    "escape-html": {
      "version": "1.0.3",
      "resolved": "https://npm-registry.whitewater.ibm.com/e/escape-html/_attachments/escape-html-1.0.3.tgz",
      "integrity": "sha1-Aljq5NPQwJdN4cFpGI7wBR0dGYg="
    },
    "escape-string-regexp": {
      "version": "1.0.5",
      "resolved": "https://npm-registry.whitewater.ibm.com/e/escape-string-regexp/_attachments/escape-string-regexp-1.0.5.tgz",
      "integrity": "sha1-G2HAViGQqN/2rjuyzwIAyhMLhtQ=",
      "dev": true
    },
    "etag": {
      "version": "1.7.0",
      "resolved": "https://npm-registry.whitewater.ibm.com/e/etag/_attachments/etag-1.7.0.tgz",
      "integrity": "sha1-A9MLX2fdbmMtKUXTDWZScxo01dg="
    },
    "expect": {
      "version": "1.20.2",
      "resolved": "https://npm-registry.whitewater.ibm.com/e/expect/_attachments/expect-1.20.2.tgz",
      "integrity": "sha1-1Fj+TFYAQDa64yMkFqP2Nh8E+WU=",
      "dev": true
    },
    "express": {
      "version": "4.14.0",
      "resolved": "https://npm-registry.whitewater.ibm.com/e/express/_attachments/express-4.14.0.tgz",
      "integrity": "sha1-we4/Qs3Ikfs9xlCoki1R7IR9DWY="
    },
    "extend": {
      "version": "3.0.1",
      "resolved": "https://npm-registry.whitewater.ibm.com/e/extend/_attachments/extend-3.0.1.tgz",
      "integrity": "sha1-p1Xqe8Gt/MWjHOfnYtuq3F5jZEQ=",
      "dev": true
    },
    "finalhandler": {
      "version": "0.5.0",
      "resolved": "https://npm-registry.whitewater.ibm.com/f/finalhandler/_attachments/finalhandler-0.5.0.tgz",
      "integrity": "sha1-6VCKvs6bbbqHGmlCodeRG5GRGsc="
    },
    "foreach": {
      "version": "2.0.5",
      "resolved": "https://npm-registry.whitewater.ibm.com/f/foreach/_attachments/foreach-2.0.5.tgz",
      "integrity": "sha1-C+4AUBiusmDQo6865ljdATbsG5k=",
      "dev": true
    },
    "form-data": {
      "version": "1.0.0-rc4",
      "resolved": "https://npm-registry.whitewater.ibm.com/f/form-data/_attachments/form-data-1.0.0-rc4.tgz",
      "integrity": "sha1-BaxrwiIntD5EYfSIFhVUaZ1Pi14=",
      "dev": true
    },
    "formidable": {
      "version": "1.1.1",
      "resolved": "https://npm-registry.whitewater.ibm.com/f/formidable/_attachments/formidable-1.1.1.tgz",
      "integrity": "sha1-lriIb3w8NQi5Mta9cMTTqI818ak=",
      "dev": true
    },
    "forwarded": {
      "version": "0.1.2",
      "resolved": "https://npm-registry.whitewater.ibm.com/f/forwarded/_attachments/forwarded-0.1.2.tgz",
      "integrity": "sha1-mMI9qxF1ZXuMBXPozszZGw/xjIQ="
    },
    "fresh": {
      "version": "0.3.0",
      "resolved": "https://npm-registry.whitewater.ibm.com/f/fresh/_attachments/fresh-0.3.0.tgz",
      "integrity": "sha1-ZR+DjiJCTnVm3hYdg1jKoZn4PU8="
    },
    "fs.realpath": {
      "version": "1.0.0",
      "resolved": "https://npm-registry.whitewater.ibm.com/f/fs.realpath/_attachments/fs.realpath-1.0.0.tgz",
      "integrity": "sha1-FQStJSMVjKpA20onh8sBQRmU6k8=",
      "dev": true
    },
    "function-bind": {
      "version": "1.1.1",
      "resolved": "https://npm-registry.whitewater.ibm.com/f/function-bind/_attachments/function-bind-1.1.1.tgz",
      "integrity": "sha512-yIovAzMX49sF8Yl58fSCWJ5svSLuaibPxXQJFLmBObTuCr0Mf1KiPopGM9NiFjiYBCbfaa2Fh6breQ6ANVTI0A==",
      "dev": true
    },
    "glob": {
      "version": "7.0.5",
      "resolved": "https://npm-registry.whitewater.ibm.com/g/glob/_attachments/glob-7.0.5.tgz",
      "integrity": "sha1-tCAqaQmbu00pKnwblbZoK2fr3JU=",
      "dev": true
    },
    "graceful-readlink": {
      "version": "1.0.1",
      "resolved": "https://npm-registry.whitewater.ibm.com/g/graceful-readlink/_attachments/graceful-readlink-1.0.1.tgz",
      "integrity": "sha1-TK+tdrxi8C+gObL5Tpo906ORpyU=",
      "dev": true
    },
    "growl": {
      "version": "1.9.2",
      "resolved": "https://npm-registry.whitewater.ibm.com/g/growl/_attachments/growl-1.9.2.tgz",
      "integrity": "sha1-Dqd0NxXbjY3ixe3hd14bRayFwC8=",
      "dev": true
    },
    "has": {
      "version": "1.0.1",
      "resolved": "https://npm-registry.whitewater.ibm.com/h/has/_attachments/has-1.0.1.tgz",
      "integrity": "sha1-hGFzP1OLCDfJNh45qauelwTcLyg=",
      "dev": true
    },
    "has-flag": {
      "version": "1.0.0",
      "resolved": "https://npm-registry.whitewater.ibm.com/h/has-flag/_attachments/has-flag-1.0.0.tgz",
      "integrity": "sha1-nZ55MWXOAXoA8AQYxD+UKnsdEfo=",
      "dev": true
    },
    "http-errors": {
      "version": "1.5.1",
      "resolved": "https://npm-registry.whitewater.ibm.com/h/http-errors/_attachments/http-errors-1.5.1.tgz",
      "integrity": "sha1-eIwNLB3iyBuebowBhDtrl+uSB1A="
    },
    "inflight": {
      "version": "1.0.6",
      "resolved": "https://npm-registry.whitewater.ibm.com/i/inflight/_attachments/inflight-1.0.6.tgz",
      "integrity": "sha1-Sb1jMdfQLQwJvJEKEHW6gWW1bfk=",
      "dev": true
    },
    "inherits": {
      "version": "2.0.3",
      "resolved": "https://npm-registry.whitewater.ibm.com/i/inherits/_attachments/inherits-2.0.3.tgz",
      "integrity": "sha1-Yzwsg+PaQqUC9SRmAiSA9CCCYd4="
    },
    "ipaddr.js": {
      "version": "1.4.0",
      "resolved": "https://npm-registry.whitewater.ibm.com/i/ipaddr.js/_attachments/ipaddr.js-1.4.0.tgz",
      "integrity": "sha1-KWrKh4qCGBbluF0KKFqZvP9FgvA="
    },
    "is-arrow-function": {
      "version": "2.0.3",
      "resolved": "https://npm-registry.whitewater.ibm.com/i/is-arrow-function/_attachments/is-arrow-function-2.0.3.tgz",
      "integrity": "sha1-Kb4sLY2UUIUri7r7Y1unuNjofsI=",
      "dev": true
    },
    "is-boolean-object": {
      "version": "1.0.0",
      "resolved": "https://npm-registry.whitewater.ibm.com/i/is-boolean-object/_attachments/is-boolean-object-1.0.0.tgz",
      "integrity": "sha1-mPiygDBoQhmpXzdc+9iM40Bd/5M=",
      "dev": true
    },
    "is-callable": {
      "version": "1.1.3",
      "resolved": "https://npm-registry.whitewater.ibm.com/i/is-callable/_attachments/is-callable-1.1.3.tgz",
      "integrity": "sha1-hut1OSgF3cM69xySoO7fdO52BLI=",
      "dev": true
    },
    "is-date-object": {
      "version": "1.0.1",
      "resolved": "https://npm-registry.whitewater.ibm.com/i/is-date-object/_attachments/is-date-object-1.0.1.tgz",
      "integrity": "sha1-mqIOtq7rv/d/vTPnTKAbM1gdOhY=",
      "dev": true
    },
    "is-equal": {
      "version": "1.5.5",
      "resolved": "https://npm-registry.whitewater.ibm.com/i/is-equal/_attachments/is-equal-1.5.5.tgz",
      "integrity": "sha1-XoXxlX4FKIMkf+s4aWWju6Ffuz0=",
      "dev": true
    },
    "is-generator-function": {
      "version": "1.0.6",
      "resolved": "https://npm-registry.whitewater.ibm.com/i/is-generator-function/_attachments/is-generator-function-1.0.6.tgz",
      "integrity": "sha1-nnFlPNFf/zQcecQVFGChMdMen8Q=",
      "dev": true
    },
    "is-number-object": {
      "version": "1.0.3",
      "resolved": "https://npm-registry.whitewater.ibm.com/i/is-number-object/_attachments/is-number-object-1.0.3.tgz",
      "integrity": "sha1-8mWrian0RQNO9q/xWo8AsA9VF5k=",
      "dev": true
    },
    "is-regex": {
      "version": "1.0.4",
      "resolved": "https://npm-registry.whitewater.ibm.com/i/is-regex/_attachments/is-regex-1.0.4.tgz",
      "integrity": "sha1-VRdIm1RwkbCTDglWVM7SXul+lJE=",
      "dev": true
    },
    "is-string": {
      "version": "1.0.4",
      "resolved": "https://npm-registry.whitewater.ibm.com/i/is-string/_attachments/is-string-1.0.4.tgz",
      "integrity": "sha1-zDqbaYV9Yh6WNyWiTK7shzuCbmQ=",
      "dev": true
    },
    "is-symbol": {
      "version": "1.0.1",
      "resolved": "https://npm-registry.whitewater.ibm.com/i/is-symbol/_attachments/is-symbol-1.0.1.tgz",
      "integrity": "sha1-PMWfAAJRlLarLjjbrmaJJWtmBXI=",
      "dev": true
    },
    "isarray": {
      "version": "1.0.0",
      "resolved": "https://npm-registry.whitewater.ibm.com/i/isarray/_attachments/isarray-1.0.0.tgz",
      "integrity": "sha1-u5NdSFgsuhaMBoNJV6VKPgcSTxE=",
      "dev": true
    },
    "json3": {
      "version": "3.3.2",
      "resolved": "https://npm-registry.whitewater.ibm.com/j/json3/_attachments/json3-3.3.2.tgz",
      "integrity": "sha1-PAQ0dD35Pi9cQq7nsZvLSDV19OE=",
      "dev": true
    },
    "lodash._baseassign": {
      "version": "3.2.0",
      "resolved": "https://npm-registry.whitewater.ibm.com/l/lodash._baseassign/_attachments/lodash._baseassign-3.2.0.tgz",
      "integrity": "sha1-jDigmVAPIVrQnlnxci/QxSv+Ck4=",
      "dev": true
    },
    "lodash._basecopy": {
      "version": "3.0.1",
      "resolved": "https://npm-registry.whitewater.ibm.com/l/lodash._basecopy/_attachments/lodash._basecopy-3.0.1.tgz",
      "integrity": "sha1-jaDmqHbPNEwK2KVIghEd08XHyjY=",
      "dev": true
    },
    "lodash._basecreate": {
      "version": "3.0.3",
      "resolved": "https://npm-registry.whitewater.ibm.com/l/lodash._basecreate/_attachments/lodash._basecreate-3.0.3.tgz",
      "integrity": "sha1-G8ZhYU2qf8MRt9A78WgGoCE8+CE=",
      "dev": true
    },
    "lodash._getnative": {
      "version": "3.9.1",
      "resolved": "https://npm-registry.whitewater.ibm.com/l/lodash._getnative/_attachments/lodash._getnative-3.9.1.tgz",
      "integrity": "sha1-VwvH3t5G1hzc3mh9ZdPuy6o6r/U=",
      "dev": true
    },
    "lodash._isiterateecall": {
      "version": "3.0.9",
      "resolved": "https://npm-registry.whitewater.ibm.com/l/lodash._isiterateecall/_attachments/lodash._isiterateecall-3.0.9.tgz",
      "integrity": "sha1-UgOte6Ql+uhCRg5pbbnPPmqsBXw=",
      "dev": true
    },
    "lodash.create": {
      "version": "3.1.1",
      "resolved": "https://npm-registry.whitewater.ibm.com/l/lodash.create/_attachments/lodash.create-3.1.1.tgz",
      "integrity": "sha1-1/KEnw29p+BGgruM1yqwIkYd6+c=",
      "dev": true
    },
    "lodash.isarguments": {
      "version": "3.1.0",
      "resolved": "https://npm-registry.whitewater.ibm.com/l/lodash.isarguments/_attachments/lodash.isarguments-3.1.0.tgz",
      "integrity": "sha1-L1c9hcaiQon/AGY7SRwdM4/zRYo=",
      "dev": true
    },
    "lodash.isarray": {
      "version": "3.0.4",
      "resolved": "https://npm-registry.whitewater.ibm.com/l/lodash.isarray/_attachments/lodash.isarray-3.0.4.tgz",
      "integrity": "sha1-eeTriMNqgSKvhvhEqpvNhRtfu1U=",
      "dev": true
    },
    "lodash.keys": {
      "version": "3.1.2",
      "resolved": "https://npm-registry.whitewater.ibm.com/l/lodash.keys/_attachments/lodash.keys-3.1.2.tgz",
      "integrity": "sha1-TbwEcrFWvlCgsoaFXRvQsMZWCYo=",
      "dev": true
    },
    "media-typer": {
      "version": "0.3.0",
      "resolved": "https://npm-registry.whitewater.ibm.com/m/media-typer/_attachments/media-typer-0.3.0.tgz",
      "integrity": "sha1-hxDXrwqmJvj/+hzgAWhUUmMlV0g="
    },
    "merge-descriptors": {
      "version": "1.0.1",
      "resolved": "https://npm-registry.whitewater.ibm.com/m/merge-descriptors/_attachments/merge-descriptors-1.0.1.tgz",
      "integrity": "sha1-sAqqVW3YtEVoFQ7J0blT8/kMu2E="
    },
    "methods": {
      "version": "1.1.2",
      "resolved": "https://npm-registry.whitewater.ibm.com/m/methods/_attachments/methods-1.1.2.tgz",
      "integrity": "sha1-VSmk1nZUE07cxSZmVoNbD4Ua/O4="
    },
    "mime": {
      "version": "1.3.4",
      "resolved": "https://npm-registry.whitewater.ibm.com/m/mime/_attachments/mime-1.3.4.tgz",
      "integrity": "sha1-EV+eO2s9rylZmDyzjxSaLUDrXVM="
    },
    "mime-db": {
      "version": "1.30.0",
      "resolved": "https://npm-registry.whitewater.ibm.com/m/mime-db/_attachments/mime-db-1.30.0.tgz",
      "integrity": "sha1-dMZD2i3Z1qRTmZY0ZbJtXKfXHwE="
    },
    "mime-types": {
      "version": "2.1.17",
      "resolved": "https://npm-registry.whitewater.ibm.com/m/mime-types/_attachments/mime-types-2.1.17.tgz",
      "integrity": "sha1-Cdejk/A+mVp5+K+Fe3Cp4KsWVXo="
    },
    "minimatch": {
      "version": "3.0.4",
      "resolved": "https://npm-registry.whitewater.ibm.com/m/minimatch/_attachments/minimatch-3.0.4.tgz",
      "integrity": "sha512-yJHVQEhyqPLUTgt9B83PXu6W3rx4MvvHvSUvToogpwoGDOUQ+yDrR0HRot+yOCdCO7u4hX3pWft6kWBBcqh0UA==",
      "dev": true
    },
    "minimist": {
      "version": "0.0.8",
      "resolved": "https://npm-registry.whitewater.ibm.com/m/minimist/_attachments/minimist-0.0.8.tgz",
      "integrity": "sha1-hX/Kv8M5fSYluCKCYuhqp6ARsF0=",
      "dev": true
    },
    "mkdirp": {
      "version": "0.5.1",
      "resolved": "https://npm-registry.whitewater.ibm.com/m/mkdirp/_attachments/mkdirp-0.5.1.tgz",
      "integrity": "sha1-MAV0OOrGz3+MR2fzhkjWaX11yQM=",
      "dev": true
    },
    "mocha": {
      "version": "3.0.0",
      "resolved": "https://npm-registry.whitewater.ibm.com/m/mocha/_attachments/mocha-3.0.0.tgz",
      "integrity": "sha1-Q9mHop4ZBjyaRhwlBaUOAu3xoOk=",
      "dev": true
    },
    "ms": {
      "version": "0.7.1",
      "resolved": "https://npm-registry.whitewater.ibm.com/m/ms/_attachments/ms-0.7.1.tgz",
      "integrity": "sha1-nNE8A62/8ltl7/3nzoZO6VIBcJg="
    },
    "negotiator": {
      "version": "0.6.1",
      "resolved": "https://npm-registry.whitewater.ibm.com/n/negotiator/_attachments/negotiator-0.6.1.tgz",
      "integrity": "sha1-KzJxhOiZIQEXeyhWP7XnECrNDKk="
    },
    "object-inspect": {
      "version": "1.3.0",
      "resolved": "https://npm-registry.whitewater.ibm.com/o/object-inspect/_attachments/object-inspect-1.3.0.tgz",
      "integrity": "sha512-OHHnLgLNXpM++GnJRyyhbr2bwl3pPVm4YvaraHrRvDt/N3r+s/gDVHciA7EJBTkijKXj61ssgSAikq1fb0IBRg==",
      "dev": true
    },
    "object-keys": {
      "version": "1.0.11",
      "resolved": "https://npm-registry.whitewater.ibm.com/o/object-keys/_attachments/object-keys-1.0.11.tgz",
      "integrity": "sha1-xUYBd4rVYPEULODgG8yotW0TQm0=",
      "dev": true
    },
    "object.entries": {
      "version": "1.0.4",
      "resolved": "https://npm-registry.whitewater.ibm.com/o/object.entries/_attachments/object.entries-1.0.4.tgz",
      "integrity": "sha1-G/mk3SKI9bM/Opk9JXZh8F0WGl8=",
      "dev": true
    },
    "on-finished": {
      "version": "2.3.0",
      "resolved": "https://npm-registry.whitewater.ibm.com/o/on-finished/_attachments/on-finished-2.3.0.tgz",
      "integrity": "sha1-IPEzZIGwg811M3mSoWlxqi2QaUc="
    },
    "once": {
      "version": "1.4.0",
      "resolved": "https://npm-registry.whitewater.ibm.com/o/once/_attachments/once-1.4.0.tgz",
      "integrity": "sha1-WDsap3WWHUsROsF9nFC6753Xa9E=",
      "dev": true
    },
    "parseurl": {
      "version": "1.3.2",
      "resolved": "https://npm-registry.whitewater.ibm.com/p/parseurl/_attachments/parseurl-1.3.2.tgz",
      "integrity": "sha1-/CidTtiZMRlGDBViUyYs3I3mW/M="
    },
    "path-is-absolute": {
      "version": "1.0.1",
      "resolved": "https://npm-registry.whitewater.ibm.com/p/path-is-absolute/_attachments/path-is-absolute-1.0.1.tgz",
      "integrity": "sha1-F0uSaHNVNP+8es5r9TpanhtcX18=",
      "dev": true
    },
    "path-to-regexp": {
      "version": "0.1.7",
      "resolved": "https://npm-registry.whitewater.ibm.com/p/path-to-regexp/_attachments/path-to-regexp-0.1.7.tgz",
      "integrity": "sha1-32BBeABfUi8V60SQ5yR6G/qmf4w="
    },
    "process-nextick-args": {
      "version": "1.0.7",
      "resolved": "https://npm-registry.whitewater.ibm.com/p/process-nextick-args/_attachments/process-nextick-args-1.0.7.tgz",
      "integrity": "sha1-FQ4gt1ZZCtP5EJPyWk8q2L/zC6M=",
      "dev": true
    },
    "proxy-addr": {
      "version": "1.1.5",
      "resolved": "https://npm-registry.whitewater.ibm.com/p/proxy-addr/_attachments/proxy-addr-1.1.5.tgz",
      "integrity": "sha1-ccDuOxAt4/IC87ZPYI0XP8uhqRg="
    },
    "qs": {
      "version": "6.2.0",
      "resolved": "https://npm-registry.whitewater.ibm.com/q/qs/_attachments/qs-6.2.0.tgz",
      "integrity": "sha1-O3hIwDwt7OaalSKw+ujEEm10Xzs="
    },
    "range-parser": {
      "version": "1.2.0",
      "resolved": "https://npm-registry.whitewater.ibm.com/r/range-parser/_attachments/range-parser-1.2.0.tgz",
      "integrity": "sha1-9JvmtIeJTdxA3MlKMi9hEJLgDV4="
    },
    "readable-stream": {
      "version": "2.3.3",
      "resolved": "https://npm-registry.whitewater.ibm.com/r/readable-stream/_attachments/readable-stream-2.3.3.tgz",
      "integrity": "sha512-m+qzzcn7KUxEmd1gMbchF+Y2eIUbieUaxkWtptyHywrX0rE8QEYqPC07Vuy4Wm32/xE16NcdBctb8S0Xe/5IeQ==",
      "dev": true
    },
    "rewire": {
      "version": "2.5.2",
      "resolved": "https://npm-registry.whitewater.ibm.com/r/rewire/_attachments/rewire-2.5.2.tgz",
      "integrity": "sha1-ZCfee3/u+n02QBUH62SlOFvFjcc=",
      "dev": true
    },
    "safe-buffer": {
      "version": "5.1.1",
      "resolved": "https://npm-registry.whitewater.ibm.com/s/safe-buffer/_attachments/safe-buffer-5.1.1.tgz",
      "integrity": "sha512-kKvNJn6Mm93gAczWVJg7wH+wGYWNrDHdWvpUmHyEsgCtIwwo3bqPtV4tR5tuPaUhTOo/kvhVwd8XwwOllGYkbg==",
      "dev": true
    },
    "send": {
      "version": "0.14.1",
      "resolved": "https://npm-registry.whitewater.ibm.com/s/send/_attachments/send-0.14.1.tgz",
      "integrity": "sha1-qVSYQyU5L1FTKndgdg5FlZjIn3o="
    },
    "serve-static": {
      "version": "1.11.2",
      "resolved": "https://npm-registry.whitewater.ibm.com/s/serve-static/_attachments/serve-static-1.11.2.tgz",
      "integrity": "sha1-LPmIm9RDWjIMw2iVyapXvWYuasc=",
      "dependencies": {
        "ms": {
          "version": "0.7.2",
          "resolved": "https://npm-registry.whitewater.ibm.com/m/ms/_attachments/ms-0.7.2.tgz",
          "integrity": "sha1-riXPJRKziFodldfwN4aNhDESR2U="
        },
        "send": {
          "version": "0.14.2",
          "resolved": "https://npm-registry.whitewater.ibm.com/s/send/_attachments/send-0.14.2.tgz",
          "integrity": "sha1-ObBDiz9RC+Xcb2Z6EfcWiTaM3u8="
        }
      }
    },
    "setprototypeof": {
      "version": "1.0.2",
      "resolved": "https://npm-registry.whitewater.ibm.com/s/setprototypeof/_attachments/setprototypeof-1.0.2.tgz",
      "integrity": "sha1-gaVSFB7BBLiOic44MQOtXGZWTQg="
    },
    "statuses": {
      "version": "1.3.1",
      "resolved": "https://npm-registry.whitewater.ibm.com/s/statuses/_attachments/statuses-1.3.1.tgz",
      "integrity": "sha1-+vUbnrdKrvOzrPStX2Gr8ky3uT4="
    },
    "string_decoder": {
      "version": "1.0.3",
      "resolved": "https://npm-registry.whitewater.ibm.com/s/string_decoder/_attachments/string_decoder-1.0.3.tgz",
      "integrity": "sha512-4AH6Z5fzNNBcH+6XDMfA/BTt87skxqJlO0lAh3Dker5zThcAxG6mKz+iGu308UKoPPQ8Dcqx/4JhujzltRa+hQ==",
      "dev": true
    },
    "superagent": {
      "version": "2.3.0",
      "resolved": "https://npm-registry.whitewater.ibm.com/s/superagent/_attachments/superagent-2.3.0.tgz",
      "integrity": "sha1-cDUpoHFOV+EjlZ3e+84ZOy5Q0RU=",
      "dev": true
    },
    "supertest": {
      "version": "2.0.0",
      "resolved": "https://npm-registry.whitewater.ibm.com/s/supertest/_attachments/supertest-2.0.0.tgz",
      "integrity": "sha1-Bg4Y7a5W49YrlcbpxOKl5OUJef8=",
      "dev": true
    },
    "supports-color": {
      "version": "3.1.2",
      "resolved": "https://npm-registry.whitewater.ibm.com/s/supports-color/_attachments/supports-color-3.1.2.tgz",
      "integrity": "sha1-cqJiiU2dQIuVbKBf83su2KbiotU=",
      "dev": true
    },
    "tmatch": {
      "version": "2.0.1",
      "resolved": "https://npm-registry.whitewater.ibm.com/t/tmatch/_attachments/tmatch-2.0.1.tgz",
      "integrity": "sha1-DFYkbzPzDaG409colauvFmYPOM8=",
      "dev": true
    },
    "type-is": {
      "version": "1.6.15",
      "resolved": "https://npm-registry.whitewater.ibm.com/t/type-is/_attachments/type-is-1.6.15.tgz",
      "integrity": "sha1-yrEPtJCeRByChC6v4a1kbIGARBA="
    },
    "unpipe": {
      "version": "1.0.0",
      "resolved": "https://npm-registry.whitewater.ibm.com/u/unpipe/_attachments/unpipe-1.0.0.tgz",
      "integrity": "sha1-sr9O6FFKrmFltIF4KdIbLvSZBOw="
    },
    "util-deprecate": {
      "version": "1.0.2",
      "resolved": "https://npm-registry.whitewater.ibm.com/u/util-deprecate/_attachments/util-deprecate-1.0.2.tgz",
      "integrity": "sha1-RQ1Nyfpw3nMnYvvS1KKJgUGaDM8=",
      "dev": true
    },
    "utils-merge": {
      "version": "1.0.0",
      "resolved": "https://npm-registry.whitewater.ibm.com/u/utils-merge/_attachments/utils-merge-1.0.0.tgz",
      "integrity": "sha1-ApT7kiu5N1FTVBxPcJYjHyh8ivg="
    },
    "vary": {
      "version": "1.1.1",
      "resolved": "https://npm-registry.whitewater.ibm.com/v/vary/_attachments/vary-1.1.1.tgz",
      "integrity": "sha1-Z1Neu2lMHVIldFeYRmUyP1h+jTc="
    },
    "wrappy": {
      "version": "1.0.2",
      "resolved": "https://npm-registry.whitewater.ibm.com/w/wrappy/_attachments/wrappy-1.0.2.tgz",
      "integrity": "sha1-tSQ9jz7BqjXxNkYFvA0QNuMKtp8=",
      "dev": true
    }
  }
}
